// !$*UTF8*$!
{
	archiveVersion = 1;
	classes = {
	};
	objectVersion = 56;
	objects = {

/* Begin PBXBuildFile section */
		5C4753892DB5537000A9CDDB /* LoginView.swift in Sources */ = {isa = PBXBuildFile; fileRef = 5C4753862DB5537000A9CDDB /* LoginView.swift */; };
		5C47538D2DB55BE700A9CDDB /* Route.swift in Sources */ = {isa = PBXBuildFile; fileRef = 5C47538C2DB55BD400A9CDDB /* Route.swift */; };
		B02AB1DB2CD8DCF100F98888 /* RouteRunApp.swift in Sources */ = {isa = PBXBuildFile; fileRef = B02AB1DA2CD8DCF100F98888 /* RouteRunApp.swift */; };
		B02AB1DD2CD8DCF100F98888 /* ContentView.swift in Sources */ = {isa = PBXBuildFile; fileRef = B02AB1DC2CD8DCF100F98888 /* ContentView.swift */; };
		B02AB1DF2CD8DCF500F98888 /* Assets.xcassets in Resources */ = {isa = PBXBuildFile; fileRef = B02AB1DE2CD8DCF500F98888 /* Assets.xcassets */; };
		B02AB1E22CD8DCF500F98888 /* Preview Assets.xcassets in Resources */ = {isa = PBXBuildFile; fileRef = B02AB1E12CD8DCF500F98888 /* Preview Assets.xcassets */; };
		B02AB1EF2CD8E38C00F98888 /* MapViewModel.swift in Sources */ = {isa = PBXBuildFile; fileRef = B02AB1EE2CD8E38C00F98888 /* MapViewModel.swift */; };
		B02AB1F12CD8E46D00F98888 /* MapView.swift in Sources */ = {isa = PBXBuildFile; fileRef = B02AB1F02CD8E46D00F98888 /* MapView.swift */; };
		B02AB1F62CDA384A00F98888 /* MapModel.swift in Sources */ = {isa = PBXBuildFile; fileRef = B02AB1F52CDA384A00F98888 /* MapModel.swift */; };
		B02AB1FB2CDA38BB00F98888 /* ProfileModel.swift in Sources */ = {isa = PBXBuildFile; fileRef = B02AB1FA2CDA38BB00F98888 /* ProfileModel.swift */; };
		B02AB1FD2CDA38C500F98888 /* ProfileView.swift in Sources */ = {isa = PBXBuildFile; fileRef = B02AB1FC2CDA38C500F98888 /* ProfileView.swift */; };
		B02AB1FF2CDA38D900F98888 /* ProfileViewModel.swift in Sources */ = {isa = PBXBuildFile; fileRef = B02AB1FE2CDA38D900F98888 /* ProfileViewModel.swift */; };
		B02AB2052CDA3F3100F98888 /* RoutesModel.swift in Sources */ = {isa = PBXBuildFile; fileRef = B02AB2042CDA3F3100F98888 /* RoutesModel.swift */; };
		B02AB2072CDA3F3D00F98888 /* RoutesView.swift in Sources */ = {isa = PBXBuildFile; fileRef = B02AB2062CDA3F3D00F98888 /* RoutesView.swift */; };
		B02AB2092CDA3F4900F98888 /* RoutesViewModel.swift in Sources */ = {isa = PBXBuildFile; fileRef = B02AB2082CDA3F4900F98888 /* RoutesViewModel.swift */; };
/* End PBXBuildFile section */

/* Begin PBXFileReference section */
		5C4753862DB5537000A9CDDB /* LoginView.swift */ = {isa = PBXFileReference; lastKnownFileType = sourcecode.swift; path = LoginView.swift; sourceTree = "<group>"; };
		5C47538C2DB55BD400A9CDDB /* Route.swift */ = {isa = PBXFileReference; lastKnownFileType = sourcecode.swift; path = Route.swift; sourceTree = "<group>"; };
		B02AB1D72CD8DCF100F98888 /* RouteRun.app */ = {isa = PBXFileReference; explicitFileType = wrapper.application; includeInIndex = 0; path = RouteRun.app; sourceTree = BUILT_PRODUCTS_DIR; };
		B02AB1DA2CD8DCF100F98888 /* RouteRunApp.swift */ = {isa = PBXFileReference; lastKnownFileType = sourcecode.swift; path = RouteRunApp.swift; sourceTree = "<group>"; };
		B02AB1DC2CD8DCF100F98888 /* ContentView.swift */ = {isa = PBXFileReference; lastKnownFileType = sourcecode.swift; path = ContentView.swift; sourceTree = "<group>"; };
		B02AB1DE2CD8DCF500F98888 /* Assets.xcassets */ = {isa = PBXFileReference; lastKnownFileType = folder.assetcatalog; path = Assets.xcassets; sourceTree = "<group>"; };
		B02AB1E12CD8DCF500F98888 /* Preview Assets.xcassets */ = {isa = PBXFileReference; lastKnownFileType = folder.assetcatalog; path = "Preview Assets.xcassets"; sourceTree = "<group>"; };
		B02AB1EE2CD8E38C00F98888 /* MapViewModel.swift */ = {isa = PBXFileReference; lastKnownFileType = sourcecode.swift; path = MapViewModel.swift; sourceTree = "<group>"; };
		B02AB1F02CD8E46D00F98888 /* MapView.swift */ = {isa = PBXFileReference; lastKnownFileType = sourcecode.swift; path = MapView.swift; sourceTree = "<group>"; };
		B02AB1F52CDA384A00F98888 /* MapModel.swift */ = {isa = PBXFileReference; lastKnownFileType = sourcecode.swift; path = MapModel.swift; sourceTree = "<group>"; };
		B02AB1FA2CDA38BB00F98888 /* ProfileModel.swift */ = {isa = PBXFileReference; lastKnownFileType = sourcecode.swift; path = ProfileModel.swift; sourceTree = "<group>"; };
		B02AB1FC2CDA38C500F98888 /* ProfileView.swift */ = {isa = PBXFileReference; lastKnownFileType = sourcecode.swift; path = ProfileView.swift; sourceTree = "<group>"; };
		B02AB1FE2CDA38D900F98888 /* ProfileViewModel.swift */ = {isa = PBXFileReference; lastKnownFileType = sourcecode.swift; path = ProfileViewModel.swift; sourceTree = "<group>"; };
		B02AB2042CDA3F3100F98888 /* RoutesModel.swift */ = {isa = PBXFileReference; lastKnownFileType = sourcecode.swift; path = RoutesModel.swift; sourceTree = "<group>"; };
		B02AB2062CDA3F3D00F98888 /* RoutesView.swift */ = {isa = PBXFileReference; lastKnownFileType = sourcecode.swift; path = RoutesView.swift; sourceTree = "<group>"; };
		B02AB2082CDA3F4900F98888 /* RoutesViewModel.swift */ = {isa = PBXFileReference; lastKnownFileType = sourcecode.swift; path = RoutesViewModel.swift; sourceTree = "<group>"; };
/* End PBXFileReference section */

/* Begin PBXFrameworksBuildPhase section */
		B02AB1D42CD8DCF100F98888 /* Frameworks */ = {
			isa = PBXFrameworksBuildPhase;
			buildActionMask = 2147483647;
			files = (
			);
			runOnlyForDeploymentPostprocessing = 0;
		};
/* End PBXFrameworksBuildPhase section */

/* Begin PBXGroup section */
		5C4753872DB5537000A9CDDB /* View */ = {
			isa = PBXGroup;
			children = (
				5C4753862DB5537000A9CDDB /* LoginView.swift */,
			);
			path = View;
			sourceTree = "<group>";
		};
		5C4753882DB5537000A9CDDB /* Login */ = {
			isa = PBXGroup;
			children = (
				5C4753872DB5537000A9CDDB /* View */,
			);
			path = Login;
			sourceTree = "<group>";
		};
		5C47538A2DB55BAD00A9CDDB /* Service */ = {
			isa = PBXGroup;
			children = (
				5C47538B2DB55BC600A9CDDB /* DataModel */,
			);
			path = Service;
			sourceTree = "<group>";
		};
		5C47538B2DB55BC600A9CDDB /* DataModel */ = {
			isa = PBXGroup;
			children = (
				5C47538C2DB55BD400A9CDDB /* Route.swift */,
			);
			path = DataModel;
			sourceTree = "<group>";
		};
		B02AB1CE2CD8DCF100F98888 = {
			isa = PBXGroup;
			children = (
				B02AB1D92CD8DCF100F98888 /* RouteRun */,
				B02AB1D82CD8DCF100F98888 /* Products */,
			);
			sourceTree = "<group>";
		};
		B02AB1D82CD8DCF100F98888 /* Products */ = {
			isa = PBXGroup;
			children = (
				B02AB1D72CD8DCF100F98888 /* RouteRun.app */,
			);
			name = Products;
			sourceTree = "<group>";
		};
		B02AB1D92CD8DCF100F98888 /* RouteRun */ = {
			isa = PBXGroup;
			children = (
				B02AB1F32CD932F400F98888 /* Root */,
				B02AB20A2CDA3F5600F98888 /* Screens */,
				5C47538A2DB55BAD00A9CDDB /* Service */,
				B02AB1DE2CD8DCF500F98888 /* Assets.xcassets */,
				B02AB1E02CD8DCF500F98888 /* Preview Content */,
			);
			path = RouteRun;
			sourceTree = "<group>";
		};
		B02AB1E02CD8DCF500F98888 /* Preview Content */ = {
			isa = PBXGroup;
			children = (
				B02AB1E12CD8DCF500F98888 /* Preview Assets.xcassets */,
			);
			path = "Preview Content";
			sourceTree = "<group>";
		};
		B02AB1E82CD8E2D400F98888 /* Map */ = {
			isa = PBXGroup;
			children = (
				B02AB1EA2CD8E2EB00F98888 /* Model */,
				B02AB1E92CD8E2E500F98888 /* View */,
				B02AB1EB2CD8E2F200F98888 /* ViewModel */,
			);
			path = Map;
			sourceTree = "<group>";
		};
		B02AB1E92CD8E2E500F98888 /* View */ = {
			isa = PBXGroup;
			children = (
				B02AB1F02CD8E46D00F98888 /* MapView.swift */,
			);
			path = View;
			sourceTree = "<group>";
		};
		B02AB1EA2CD8E2EB00F98888 /* Model */ = {
			isa = PBXGroup;
			children = (
				B02AB1F52CDA384A00F98888 /* MapModel.swift */,
			);
			path = Model;
			sourceTree = "<group>";
		};
		B02AB1EB2CD8E2F200F98888 /* ViewModel */ = {
			isa = PBXGroup;
			children = (
				B02AB1EE2CD8E38C00F98888 /* MapViewModel.swift */,
			);
			path = ViewModel;
			sourceTree = "<group>";
		};
		B02AB1F32CD932F400F98888 /* Root */ = {
			isa = PBXGroup;
			children = (
				B02AB1DA2CD8DCF100F98888 /* RouteRunApp.swift */,
				B02AB1DC2CD8DCF100F98888 /* ContentView.swift */,
			);
			path = Root;
			sourceTree = "<group>";
		};
		B02AB1F42CDA380900F98888 /* Profile */ = {
			isa = PBXGroup;
			children = (
				B02AB1F72CDA388600F98888 /* Model */,
				B02AB1F82CDA388D00F98888 /* View */,
				B02AB1F92CDA389400F98888 /* ViewModel */,
			);
			path = Profile;
			sourceTree = "<group>";
		};
		B02AB1F72CDA388600F98888 /* Model */ = {
			isa = PBXGroup;
			children = (
				B02AB1FA2CDA38BB00F98888 /* ProfileModel.swift */,
			);
			path = Model;
			sourceTree = "<group>";
		};
		B02AB1F82CDA388D00F98888 /* View */ = {
			isa = PBXGroup;
			children = (
				B02AB1FC2CDA38C500F98888 /* ProfileView.swift */,
			);
			path = View;
			sourceTree = "<group>";
		};
		B02AB1F92CDA389400F98888 /* ViewModel */ = {
			isa = PBXGroup;
			children = (
				B02AB1FE2CDA38D900F98888 /* ProfileViewModel.swift */,
			);
			path = ViewModel;
			sourceTree = "<group>";
		};
		B02AB2002CDA3E9100F98888 /* Routes */ = {
			isa = PBXGroup;
			children = (
				B02AB2032CDA3ED700F98888 /* Model */,
				B02AB2022CDA3ECD00F98888 /* View */,
				B02AB2012CDA3EC600F98888 /* ViewModel */,
			);
			path = Routes;
			sourceTree = "<group>";
		};
		B02AB2012CDA3EC600F98888 /* ViewModel */ = {
			isa = PBXGroup;
			children = (
				B02AB2082CDA3F4900F98888 /* RoutesViewModel.swift */,
			);
			path = ViewModel;
			sourceTree = "<group>";
		};
		B02AB2022CDA3ECD00F98888 /* View */ = {
			isa = PBXGroup;
			children = (
				B02AB2062CDA3F3D00F98888 /* RoutesView.swift */,
			);
			path = View;
			sourceTree = "<group>";
		};
		B02AB2032CDA3ED700F98888 /* Model */ = {
			isa = PBXGroup;
			children = (
				B02AB2042CDA3F3100F98888 /* RoutesModel.swift */,
			);
			path = Model;
			sourceTree = "<group>";
		};
		B02AB20A2CDA3F5600F98888 /* Screens */ = {
			isa = PBXGroup;
			children = (
				5C4753882DB5537000A9CDDB /* Login */,
				B02AB1E82CD8E2D400F98888 /* Map */,
				B02AB2002CDA3E9100F98888 /* Routes */,
				B02AB1F42CDA380900F98888 /* Profile */,
			);
			path = Screens;
			sourceTree = "<group>";
		};
/* End PBXGroup section */

/* Begin PBXNativeTarget section */
		B02AB1D62CD8DCF100F98888 /* RouteRun */ = {
			isa = PBXNativeTarget;
			buildConfigurationList = B02AB1E52CD8DCF500F98888 /* Build configuration list for PBXNativeTarget "RouteRun" */;
			buildPhases = (
				B02AB1D32CD8DCF100F98888 /* Sources */,
				B02AB1D42CD8DCF100F98888 /* Frameworks */,
				B02AB1D52CD8DCF100F98888 /* Resources */,
			);
			buildRules = (
			);
			dependencies = (
			);
			name = RouteRun;
			productName = RouteRun;
			productReference = B02AB1D72CD8DCF100F98888 /* RouteRun.app */;
			productType = "com.apple.product-type.application";
		};
/* End PBXNativeTarget section */

/* Begin PBXProject section */
		B02AB1CF2CD8DCF100F98888 /* Project object */ = {
			isa = PBXProject;
			attributes = {
				BuildIndependentTargetsInParallel = 1;
				LastSwiftUpdateCheck = 1510;
				LastUpgradeCheck = 1510;
				TargetAttributes = {
					B02AB1D62CD8DCF100F98888 = {
						CreatedOnToolsVersion = 15.1;
					};
				};
			};
			buildConfigurationList = B02AB1D22CD8DCF100F98888 /* Build configuration list for PBXProject "RouteRun" */;
			compatibilityVersion = "Xcode 14.0";
			developmentRegion = en;
			hasScannedForEncodings = 0;
			knownRegions = (
				en,
				Base,
			);
			mainGroup = B02AB1CE2CD8DCF100F98888;
			productRefGroup = B02AB1D82CD8DCF100F98888 /* Products */;
			projectDirPath = "";
			projectRoot = "";
			targets = (
				B02AB1D62CD8DCF100F98888 /* RouteRun */,
			);
		};
/* End PBXProject section */

/* Begin PBXResourcesBuildPhase section */
		B02AB1D52CD8DCF100F98888 /* Resources */ = {
			isa = PBXResourcesBuildPhase;
			buildActionMask = 2147483647;
			files = (
				B02AB1E22CD8DCF500F98888 /* Preview Assets.xcassets in Resources */,
				B02AB1DF2CD8DCF500F98888 /* Assets.xcassets in Resources */,
			);
			runOnlyForDeploymentPostprocessing = 0;
		};
/* End PBXResourcesBuildPhase section */

/* Begin PBXSourcesBuildPhase section */
		B02AB1D32CD8DCF100F98888 /* Sources */ = {
			isa = PBXSourcesBuildPhase;
			buildActionMask = 2147483647;
			files = (
				B02AB2052CDA3F3100F98888 /* RoutesModel.swift in Sources */,
				B02AB1F62CDA384A00F98888 /* MapModel.swift in Sources */,
				B02AB1DD2CD8DCF100F98888 /* ContentView.swift in Sources */,
				5C47538D2DB55BE700A9CDDB /* Route.swift in Sources */,
				B02AB1F12CD8E46D00F98888 /* MapView.swift in Sources */,
				B02AB1FB2CDA38BB00F98888 /* ProfileModel.swift in Sources */,
				B02AB1DB2CD8DCF100F98888 /* RouteRunApp.swift in Sources */,
				5C4753892DB5537000A9CDDB /* LoginView.swift in Sources */,
				B02AB2072CDA3F3D00F98888 /* RoutesView.swift in Sources */,
				B02AB1FD2CDA38C500F98888 /* ProfileView.swift in Sources */,
				B02AB2092CDA3F4900F98888 /* RoutesViewModel.swift in Sources */,
				B02AB1FF2CDA38D900F98888 /* ProfileViewModel.swift in Sources */,
				B02AB1EF2CD8E38C00F98888 /* MapViewModel.swift in Sources */,
			);
			runOnlyForDeploymentPostprocessing = 0;
		};
/* End PBXSourcesBuildPhase section */

/* Begin XCBuildConfiguration section */
		B02AB1E32CD8DCF500F98888 /* Debug */ = {
			isa = XCBuildConfiguration;
			buildSettings = {
				ALWAYS_SEARCH_USER_PATHS = NO;
				ASSETCATALOG_COMPILER_GENERATE_SWIFT_ASSET_SYMBOL_EXTENSIONS = YES;
				CLANG_ANALYZER_NONNULL = YES;
				CLANG_ANALYZER_NUMBER_OBJECT_CONVERSION = YES_AGGRESSIVE;
				CLANG_CXX_LANGUAGE_STANDARD = "gnu++20";
				CLANG_ENABLE_MODULES = YES;
				CLANG_ENABLE_OBJC_ARC = YES;
				CLANG_ENABLE_OBJC_WEAK = YES;
				CLANG_WARN_BLOCK_CAPTURE_AUTORELEASING = YES;
				CLANG_WARN_BOOL_CONVERSION = YES;
				CLANG_WARN_COMMA = YES;
				CLANG_WARN_CONSTANT_CONVERSION = YES;
				CLANG_WARN_DEPRECATED_OBJC_IMPLEMENTATIONS = YES;
				CLANG_WARN_DIRECT_OBJC_ISA_USAGE = YES_ERROR;
				CLANG_WARN_DOCUMENTATION_COMMENTS = YES;
				CLANG_WARN_EMPTY_BODY = YES;
				CLANG_WARN_ENUM_CONVERSION = YES;
				CLANG_WARN_INFINITE_RECURSION = YES;
				CLANG_WARN_INT_CONVERSION = YES;
				CLANG_WARN_NON_LITERAL_NULL_CONVERSION = YES;
				CLANG_WARN_OBJC_IMPLICIT_RETAIN_SELF = YES;
				CLANG_WARN_OBJC_LITERAL_CONVERSION = YES;
				CLANG_WARN_OBJC_ROOT_CLASS = YES_ERROR;
				CLANG_WARN_QUOTED_INCLUDE_IN_FRAMEWORK_HEADER = YES;
				CLANG_WARN_RANGE_LOOP_ANALYSIS = YES;
				CLANG_WARN_STRICT_PROTOTYPES = YES;
				CLANG_WARN_SUSPICIOUS_MOVE = YES;
				CLANG_WARN_UNGUARDED_AVAILABILITY = YES_AGGRESSIVE;
				CLANG_WARN_UNREACHABLE_CODE = YES;
				CLANG_WARN__DUPLICATE_METHOD_MATCH = YES;
				COPY_PHASE_STRIP = NO;
				DEBUG_INFORMATION_FORMAT = dwarf;
				ENABLE_STRICT_OBJC_MSGSEND = YES;
				ENABLE_TESTABILITY = YES;
				ENABLE_USER_SCRIPT_SANDBOXING = YES;
				GCC_C_LANGUAGE_STANDARD = gnu17;
				GCC_DYNAMIC_NO_PIC = NO;
				GCC_NO_COMMON_BLOCKS = YES;
				GCC_OPTIMIZATION_LEVEL = 0;
				GCC_PREPROCESSOR_DEFINITIONS = (
					"DEBUG=1",
					"$(inherited)",
				);
				GCC_WARN_64_TO_32_BIT_CONVERSION = YES;
				GCC_WARN_ABOUT_RETURN_TYPE = YES_ERROR;
				GCC_WARN_UNDECLARED_SELECTOR = YES;
				GCC_WARN_UNINITIALIZED_AUTOS = YES_AGGRESSIVE;
				GCC_WARN_UNUSED_FUNCTION = YES;
				GCC_WARN_UNUSED_VARIABLE = YES;
				IPHONEOS_DEPLOYMENT_TARGET = 17.2;
				LOCALIZATION_PREFERS_STRING_CATALOGS = YES;
				MTL_ENABLE_DEBUG_INFO = INCLUDE_SOURCE;
				MTL_FAST_MATH = YES;
				ONLY_ACTIVE_ARCH = YES;
				SDKROOT = iphoneos;
				SWIFT_ACTIVE_COMPILATION_CONDITIONS = "DEBUG $(inherited)";
				SWIFT_OPTIMIZATION_LEVEL = "-Onone";
			};
			name = Debug;
		};
		B02AB1E42CD8DCF500F98888 /* Release */ = {
			isa = XCBuildConfiguration;
			buildSettings = {
				ALWAYS_SEARCH_USER_PATHS = NO;
				ASSETCATALOG_COMPILER_GENERATE_SWIFT_ASSET_SYMBOL_EXTENSIONS = YES;
				CLANG_ANALYZER_NONNULL = YES;
				CLANG_ANALYZER_NUMBER_OBJECT_CONVERSION = YES_AGGRESSIVE;
				CLANG_CXX_LANGUAGE_STANDARD = "gnu++20";
				CLANG_ENABLE_MODULES = YES;
				CLANG_ENABLE_OBJC_ARC = YES;
				CLANG_ENABLE_OBJC_WEAK = YES;
				CLANG_WARN_BLOCK_CAPTURE_AUTORELEASING = YES;
				CLANG_WARN_BOOL_CONVERSION = YES;
				CLANG_WARN_COMMA = YES;
				CLANG_WARN_CONSTANT_CONVERSION = YES;
				CLANG_WARN_DEPRECATED_OBJC_IMPLEMENTATIONS = YES;
				CLANG_WARN_DIRECT_OBJC_ISA_USAGE = YES_ERROR;
				CLANG_WARN_DOCUMENTATION_COMMENTS = YES;
				CLANG_WARN_EMPTY_BODY = YES;
				CLANG_WARN_ENUM_CONVERSION = YES;
				CLANG_WARN_INFINITE_RECURSION = YES;
				CLANG_WARN_INT_CONVERSION = YES;
				CLANG_WARN_NON_LITERAL_NULL_CONVERSION = YES;
				CLANG_WARN_OBJC_IMPLICIT_RETAIN_SELF = YES;
				CLANG_WARN_OBJC_LITERAL_CONVERSION = YES;
				CLANG_WARN_OBJC_ROOT_CLASS = YES_ERROR;
				CLANG_WARN_QUOTED_INCLUDE_IN_FRAMEWORK_HEADER = YES;
				CLANG_WARN_RANGE_LOOP_ANALYSIS = YES;
				CLANG_WARN_STRICT_PROTOTYPES = YES;
				CLANG_WARN_SUSPICIOUS_MOVE = YES;
				CLANG_WARN_UNGUARDED_AVAILABILITY = YES_AGGRESSIVE;
				CLANG_WARN_UNREACHABLE_CODE = YES;
				CLANG_WARN__DUPLICATE_METHOD_MATCH = YES;
				COPY_PHASE_STRIP = NO;
				DEBUG_INFORMATION_FORMAT = "dwarf-with-dsym";
				ENABLE_NS_ASSERTIONS = NO;
				ENABLE_STRICT_OBJC_MSGSEND = YES;
				ENABLE_USER_SCRIPT_SANDBOXING = YES;
				GCC_C_LANGUAGE_STANDARD = gnu17;
				GCC_NO_COMMON_BLOCKS = YES;
				GCC_WARN_64_TO_32_BIT_CONVERSION = YES;
				GCC_WARN_ABOUT_RETURN_TYPE = YES_ERROR;
				GCC_WARN_UNDECLARED_SELECTOR = YES;
				GCC_WARN_UNINITIALIZED_AUTOS = YES_AGGRESSIVE;
				GCC_WARN_UNUSED_FUNCTION = YES;
				GCC_WARN_UNUSED_VARIABLE = YES;
				IPHONEOS_DEPLOYMENT_TARGET = 17.2;
				LOCALIZATION_PREFERS_STRING_CATALOGS = YES;
				MTL_ENABLE_DEBUG_INFO = NO;
				MTL_FAST_MATH = YES;
				SDKROOT = iphoneos;
				SWIFT_COMPILATION_MODE = wholemodule;
				VALIDATE_PRODUCT = YES;
			};
			name = Release;
		};
		B02AB1E62CD8DCF500F98888 /* Debug */ = {
			isa = XCBuildConfiguration;
			buildSettings = {
				ASSETCATALOG_COMPILER_APPICON_NAME = AppIcon;
				ASSETCATALOG_COMPILER_GLOBAL_ACCENT_COLOR_NAME = AccentColor;
				CODE_SIGN_STYLE = Automatic;
				CURRENT_PROJECT_VERSION = 1;
				DEVELOPMENT_ASSET_PATHS = "\"RouteRun/Preview Content\"";
				DEVELOPMENT_TEAM = ZA635WC7L2;
				ENABLE_PREVIEWS = YES;
				GENERATE_INFOPLIST_FILE = YES;
				INFOPLIST_KEY_NSLocationWhenInUseUsageDescription = "";
				INFOPLIST_KEY_UIApplicationSceneManifest_Generation = YES;
				INFOPLIST_KEY_UIApplicationSupportsIndirectInputEvents = YES;
				INFOPLIST_KEY_UILaunchScreen_Generation = YES;
				INFOPLIST_KEY_UISupportedInterfaceOrientations_iPad = "UIInterfaceOrientationPortrait UIInterfaceOrientationPortraitUpsideDown UIInterfaceOrientationLandscapeLeft UIInterfaceOrientationLandscapeRight";
				INFOPLIST_KEY_UISupportedInterfaceOrientations_iPhone = "UIInterfaceOrientationPortrait UIInterfaceOrientationLandscapeLeft UIInterfaceOrientationLandscapeRight";
				LD_RUNPATH_SEARCH_PATHS = (
					"$(inherited)",
					"@executable_path/Frameworks",
				);
				MARKETING_VERSION = 1.0;
				PRODUCT_BUNDLE_IDENTIFIER = com.gor9an.RouteRun;
				PRODUCT_NAME = "$(TARGET_NAME)";
				SWIFT_EMIT_LOC_STRINGS = YES;
				SWIFT_VERSION = 5.0;
				TARGETED_DEVICE_FAMILY = "1,2";
			};
			name = Debug;
		};
		B02AB1E72CD8DCF500F98888 /* Release */ = {
			isa = XCBuildConfiguration;
			buildSettings = {
				ASSETCATALOG_COMPILER_APPICON_NAME = AppIcon;
				ASSETCATALOG_COMPILER_GLOBAL_ACCENT_COLOR_NAME = AccentColor;
				CODE_SIGN_STYLE = Automatic;
				CURRENT_PROJECT_VERSION = 1;
				DEVELOPMENT_ASSET_PATHS = "\"RouteRun/Preview Content\"";
				DEVELOPMENT_TEAM = ZA635WC7L2;
				ENABLE_PREVIEWS = YES;
				GENERATE_INFOPLIST_FILE = YES;
				INFOPLIST_KEY_NSLocationWhenInUseUsageDescription = "";
				INFOPLIST_KEY_UIApplicationSceneManifest_Generation = YES;
				INFOPLIST_KEY_UIApplicationSupportsIndirectInputEvents = YES;
				INFOPLIST_KEY_UILaunchScreen_Generation = YES;
				INFOPLIST_KEY_UISupportedInterfaceOrientations_iPad = "UIInterfaceOrientationPortrait UIInterfaceOrientationPortraitUpsideDown UIInterfaceOrientationLandscapeLeft UIInterfaceOrientationLandscapeRight";
				INFOPLIST_KEY_UISupportedInterfaceOrientations_iPhone = "UIInterfaceOrientationPortrait UIInterfaceOrientationLandscapeLeft UIInterfaceOrientationLandscapeRight";
				LD_RUNPATH_SEARCH_PATHS = (
					"$(inherited)",
					"@executable_path/Frameworks",
				);
				MARKETING_VERSION = 1.0;
				PRODUCT_BUNDLE_IDENTIFIER = com.gor9an.RouteRun;
				PRODUCT_NAME = "$(TARGET_NAME)";
				SWIFT_EMIT_LOC_STRINGS = YES;
				SWIFT_VERSION = 5.0;
				TARGETED_DEVICE_FAMILY = "1,2";
			};
			name = Release;
		};
/* End XCBuildConfiguration section */

/* Begin XCConfigurationList section */
		B02AB1D22CD8DCF100F98888 /* Build configuration list for PBXProject "RouteRun" */ = {
			isa = XCConfigurationList;
			buildConfigurations = (
				B02AB1E32CD8DCF500F98888 /* Debug */,
				B02AB1E42CD8DCF500F98888 /* Release */,
			);
			defaultConfigurationIsVisible = 0;
			defaultConfigurationName = Release;
		};
		B02AB1E52CD8DCF500F98888 /* Build configuration list for PBXNativeTarget "RouteRun" */ = {
			isa = XCConfigurationList;
			buildConfigurations = (
				B02AB1E62CD8DCF500F98888 /* Debug */,
				B02AB1E72CD8DCF500F98888 /* Release */,
			);
			defaultConfigurationIsVisible = 0;
			defaultConfigurationName = Release;
		};
/* End XCConfigurationList section */
	};
	rootObject = B02AB1CF2CD8DCF100F98888 /* Project object */;
}
